github.com/isolatedcommand/Publisher v0.13.8 h1:e7yjzNWFZCTyi7fwMGM/J6HOmw5JQkhPWO1T6iF21AY=
github.com/isolatedcommand/Publisher v0.13.8/go.mod h1:idzGZL+j6Xa7K2/tQM5VYLH5UR2nBvllGnIJ7ik0OcQ=
github.com/isolatedcommand/Publisher v0.13.9 h1:4dlW/7lvpA4sj2c1GBk72xL/Ps4QfCqKV5JZvkyxZY0=
github.com/isolatedcommand/Publisher v0.13.9/go.mod h1:idzGZL+j6Xa7K2/tQM5VYLH5UR2nBvllGnIJ7ik0OcQ=
